// !$*UTF8*$!
{
	archiveVersion = 1;
	classes = {
	};
	objectVersion = 50;
	objects = {

/* Begin PBXBuildFile section */
		D5A0F14120ADA2300005CA70 /* AppDelegate.swift in Sources */ = {isa = PBXBuildFile; fileRef = D5A0F14020ADA2300005CA70 /* AppDelegate.swift */; };
		D5A0F14320ADA2300005CA70 /* ViewController.swift in Sources */ = {isa = PBXBuildFile; fileRef = D5A0F14220ADA2300005CA70 /* ViewController.swift */; };
		D5A0F14620ADA2300005CA70 /* Main.storyboard in Resources */ = {isa = PBXBuildFile; fileRef = D5A0F14420ADA2300005CA70 /* Main.storyboard */; };
		D5A0F14820ADA2310005CA70 /* Assets.xcassets in Resources */ = {isa = PBXBuildFile; fileRef = D5A0F14720ADA2310005CA70 /* Assets.xcassets */; };
		D5A0F14B20ADA2310005CA70 /* LaunchScreen.storyboard in Resources */ = {isa = PBXBuildFile; fileRef = D5A0F14920ADA2310005CA70 /* LaunchScreen.storyboard */; };
		D5A0F15620ADA2310005CA70 /* SlideViewTests.swift in Sources */ = {isa = PBXBuildFile; fileRef = D5A0F15520ADA2310005CA70 /* SlideViewTests.swift */; };
		D5A0F16120ADA2310005CA70 /* SlideViewUITests.swift in Sources */ = {isa = PBXBuildFile; fileRef = D5A0F16020ADA2310005CA70 /* SlideViewUITests.swift */; };
		D5A0F16F20ADD0D40005CA70 /* SwipingController.swift in Sources */ = {isa = PBXBuildFile; fileRef = D5A0F16E20ADD0D40005CA70 /* SwipingController.swift */; };
		D5A0F17120ADDC470005CA70 /* PageCell.swift in Sources */ = {isa = PBXBuildFile; fileRef = D5A0F17020ADDC470005CA70 /* PageCell.swift */; };
/* End PBXBuildFile section */

/* Begin PBXContainerItemProxy section */
		D5A0F15220ADA2310005CA70 /* PBXContainerItemProxy */ = {
			isa = PBXContainerItemProxy;
			containerPortal = D5A0F13520ADA2300005CA70 /* Project object */;
			proxyType = 1;
			remoteGlobalIDString = D5A0F13C20ADA2300005CA70;
			remoteInfo = SlideView;
		};
		D5A0F15D20ADA2310005CA70 /* PBXContainerItemProxy */ = {
			isa = PBXContainerItemProxy;
			containerPortal = D5A0F13520ADA2300005CA70 /* Project object */;
			proxyType = 1;
			remoteGlobalIDString = D5A0F13C20ADA2300005CA70;
			remoteInfo = SlideView;
		};
/* End PBXContainerItemProxy section */

/* Begin PBXFileReference section */
		D5A0F13D20ADA2300005CA70 /* SlideView.app */ = {isa = PBXFileReference; explicitFileType = wrapper.application; includeInIndex = 0; path = SlideView.app; sourceTree = BUILT_PRODUCTS_DIR; };
		D5A0F14020ADA2300005CA70 /* AppDelegate.swift */ = {isa = PBXFileReference; lastKnownFileType = sourcecode.swift; path = AppDelegate.swift; sourceTree = "<group>"; };
		D5A0F14220ADA2300005CA70 /* ViewController.swift */ = {isa = PBXFileReference; lastKnownFileType = sourcecode.swift; path = ViewController.swift; sourceTree = "<group>"; };
		D5A0F14520ADA2300005CA70 /* Base */ = {isa = PBXFileReference; lastKnownFileType = file.storyboard; name = Base; path = Base.lproj/Main.storyboard; sourceTree = "<group>"; };
		D5A0F14720ADA2310005CA70 /* Assets.xcassets */ = {isa = PBXFileReference; lastKnownFileType = folder.assetcatalog; path = Assets.xcassets; sourceTree = "<group>"; };
		D5A0F14A20ADA2310005CA70 /* Base */ = {isa = PBXFileReference; lastKnownFileType = file.storyboard; name = Base; path = Base.lproj/LaunchScreen.storyboard; sourceTree = "<group>"; };
		D5A0F14C20ADA2310005CA70 /* Info.plist */ = {isa = PBXFileReference; lastKnownFileType = text.plist.xml; path = Info.plist; sourceTree = "<group>"; };
		D5A0F15120ADA2310005CA70 /* SlideViewTests.xctest */ = {isa = PBXFileReference; explicitFileType = wrapper.cfbundle; includeInIndex = 0; path = SlideViewTests.xctest; sourceTree = BUILT_PRODUCTS_DIR; };
		D5A0F15520ADA2310005CA70 /* SlideViewTests.swift */ = {isa = PBXFileReference; lastKnownFileType = sourcecode.swift; path = SlideViewTests.swift; sourceTree = "<group>"; };
		D5A0F15720ADA2310005CA70 /* Info.plist */ = {isa = PBXFileReference; lastKnownFileType = text.plist.xml; path = Info.plist; sourceTree = "<group>"; };
		D5A0F15C20ADA2310005CA70 /* SlideViewUITests.xctest */ = {isa = PBXFileReference; explicitFileType = wrapper.cfbundle; includeInIndex = 0; path = SlideViewUITests.xctest; sourceTree = BUILT_PRODUCTS_DIR; };
		D5A0F16020ADA2310005CA70 /* SlideViewUITests.swift */ = {isa = PBXFileReference; lastKnownFileType = sourcecode.swift; path = SlideViewUITests.swift; sourceTree = "<group>"; };
		D5A0F16220ADA2310005CA70 /* Info.plist */ = {isa = PBXFileReference; lastKnownFileType = text.plist.xml; path = Info.plist; sourceTree = "<group>"; };
		D5A0F16E20ADD0D40005CA70 /* SwipingController.swift */ = {isa = PBXFileReference; lastKnownFileType = sourcecode.swift; path = SwipingController.swift; sourceTree = "<group>"; };
		D5A0F17020ADDC470005CA70 /* PageCell.swift */ = {isa = PBXFileReference; lastKnownFileType = sourcecode.swift; path = PageCell.swift; sourceTree = "<group>"; };
/* End PBXFileReference section */

/* Begin PBXFrameworksBuildPhase section */
		D5A0F13A20ADA2300005CA70 /* Frameworks */ = {
			isa = PBXFrameworksBuildPhase;
			buildActionMask = 2147483647;
			files = (
			);
			runOnlyForDeploymentPostprocessing = 0;
		};
		D5A0F14E20ADA2310005CA70 /* Frameworks */ = {
			isa = PBXFrameworksBuildPhase;
			buildActionMask = 2147483647;
			files = (
			);
			runOnlyForDeploymentPostprocessing = 0;
		};
		D5A0F15920ADA2310005CA70 /* Frameworks */ = {
			isa = PBXFrameworksBuildPhase;
			buildActionMask = 2147483647;
			files = (
			);
			runOnlyForDeploymentPostprocessing = 0;
		};
/* End PBXFrameworksBuildPhase section */

/* Begin PBXGroup section */
		D5A0F13420ADA2300005CA70 = {
			isa = PBXGroup;
			children = (
				D5A0F13F20ADA2300005CA70 /* SlideView */,
				D5A0F15420ADA2310005CA70 /* SlideViewTests */,
				D5A0F15F20ADA2310005CA70 /* SlideViewUITests */,
				D5A0F13E20ADA2300005CA70 /* Products */,
			);
			sourceTree = "<group>";
		};
		D5A0F13E20ADA2300005CA70 /* Products */ = {
			isa = PBXGroup;
			children = (
				D5A0F13D20ADA2300005CA70 /* SlideView.app */,
				D5A0F15120ADA2310005CA70 /* SlideViewTests.xctest */,
				D5A0F15C20ADA2310005CA70 /* SlideViewUITests.xctest */,
			);
			name = Products;
			sourceTree = "<group>";
		};
		D5A0F13F20ADA2300005CA70 /* SlideView */ = {
			isa = PBXGroup;
			children = (
				D5A0F14020ADA2300005CA70 /* AppDelegate.swift */,
				D5A0F16E20ADD0D40005CA70 /* SwipingController.swift */,
				D5A0F14220ADA2300005CA70 /* ViewController.swift */,
				D5A0F14720ADA2310005CA70 /* Assets.xcassets */,
				D5A0F14920ADA2310005CA70 /* LaunchScreen.storyboard */,
				D5A0F14420ADA2300005CA70 /* Main.storyboard */,
				D5A0F14C20ADA2310005CA70 /* Info.plist */,
				D5A0F17020ADDC470005CA70 /* PageCell.swift */,
			);
			path = SlideView;
			sourceTree = "<group>";
		};
		D5A0F15420ADA2310005CA70 /* SlideViewTests */ = {
			isa = PBXGroup;
			children = (
				D5A0F15520ADA2310005CA70 /* SlideViewTests.swift */,
				D5A0F15720ADA2310005CA70 /* Info.plist */,
			);
			path = SlideViewTests;
			sourceTree = "<group>";
		};
		D5A0F15F20ADA2310005CA70 /* SlideViewUITests */ = {
			isa = PBXGroup;
			children = (
				D5A0F16020ADA2310005CA70 /* SlideViewUITests.swift */,
				D5A0F16220ADA2310005CA70 /* Info.plist */,
			);
			path = SlideViewUITests;
			sourceTree = "<group>";
		};
/* End PBXGroup section */

/* Begin PBXNativeTarget section */
		D5A0F13C20ADA2300005CA70 /* SlideView */ = {
			isa = PBXNativeTarget;
			buildConfigurationList = D5A0F16520ADA2310005CA70 /* Build configuration list for PBXNativeTarget "SlideView" */;
			buildPhases = (
				D5A0F13920ADA2300005CA70 /* Sources */,
				D5A0F13A20ADA2300005CA70 /* Frameworks */,
				D5A0F13B20ADA2300005CA70 /* Resources */,
			);
			buildRules = (
			);
			dependencies = (
			);
			name = SlideView;
			productName = SlideView;
			productReference = D5A0F13D20ADA2300005CA70 /* SlideView.app */;
			productType = "com.apple.product-type.application";
		};
		D5A0F15020ADA2310005CA70 /* SlideViewTests */ = {
			isa = PBXNativeTarget;
			buildConfigurationList = D5A0F16820ADA2310005CA70 /* Build configuration list for PBXNativeTarget "SlideViewTests" */;
			buildPhases = (
				D5A0F14D20ADA2310005CA70 /* Sources */,
				D5A0F14E20ADA2310005CA70 /* Frameworks */,
				D5A0F14F20ADA2310005CA70 /* Resources */,
			);
			buildRules = (
			);
			dependencies = (
				D5A0F15320ADA2310005CA70 /* PBXTargetDependency */,
			);
			name = SlideViewTests;
			productName = SlideViewTests;
			productReference = D5A0F15120ADA2310005CA70 /* SlideViewTests.xctest */;
			productType = "com.apple.product-type.bundle.unit-test";
		};
		D5A0F15B20ADA2310005CA70 /* SlideViewUITests */ = {
			isa = PBXNativeTarget;
			buildConfigurationList = D5A0F16B20ADA2310005CA70 /* Build configuration list for PBXNativeTarget "SlideViewUITests" */;
			buildPhases = (
				D5A0F15820ADA2310005CA70 /* Sources */,
				D5A0F15920ADA2310005CA70 /* Frameworks */,
				D5A0F15A20ADA2310005CA70 /* Resources */,
			);
			buildRules = (
			);
			dependencies = (
				D5A0F15E20ADA2310005CA70 /* PBXTargetDependency */,
			);
			name = SlideViewUITests;
			productName = SlideViewUITests;
			productReference = D5A0F15C20ADA2310005CA70 /* SlideViewUITests.xctest */;
			productType = "com.apple.product-type.bundle.ui-testing";
		};
/* End PBXNativeTarget section */

/* Begin PBXProject section */
		D5A0F13520ADA2300005CA70 /* Project object */ = {
			isa = PBXProject;
			attributes = {
				LastSwiftUpdateCheck = 0930;
				LastUpgradeCheck = 0930;
				ORGANIZATIONNAME = "Shannen Bravo-Brown";
				TargetAttributes = {
					D5A0F13C20ADA2300005CA70 = {
						CreatedOnToolsVersion = 9.3.1;
					};
					D5A0F15020ADA2310005CA70 = {
						CreatedOnToolsVersion = 9.3.1;
						TestTargetID = D5A0F13C20ADA2300005CA70;
					};
					D5A0F15B20ADA2310005CA70 = {
						CreatedOnToolsVersion = 9.3.1;
						TestTargetID = D5A0F13C20ADA2300005CA70;
					};
				};
			};
			buildConfigurationList = D5A0F13820ADA2300005CA70 /* Build configuration list for PBXProject "SlideView" */;
			compatibilityVersion = "Xcode 9.3";
			developmentRegion = en;
			hasScannedForEncodings = 0;
			knownRegions = (
				en,
				Base,
			);
			mainGroup = D5A0F13420ADA2300005CA70;
			productRefGroup = D5A0F13E20ADA2300005CA70 /* Products */;
			projectDirPath = "";
			projectRoot = "";
			targets = (
				D5A0F13C20ADA2300005CA70 /* SlideView */,
				D5A0F15020ADA2310005CA70 /* SlideViewTests */,
				D5A0F15B20ADA2310005CA70 /* SlideViewUITests */,
			);
		};
/* End PBXProject section */

/* Begin PBXResourcesBuildPhase section */
		D5A0F13B20ADA2300005CA70 /* Resources */ = {
			isa = PBXResourcesBuildPhase;
			buildActionMask = 2147483647;
			files = (
				D5A0F14B20ADA2310005CA70 /* LaunchScreen.storyboard in Resources */,
				D5A0F14820ADA2310005CA70 /* Assets.xcassets in Resources */,
				D5A0F14620ADA2300005CA70 /* Main.storyboard in Resources */,
			);
			runOnlyForDeploymentPostprocessing = 0;
		};
		D5A0F14F20ADA2310005CA70 /* Resources */ = {
			isa = PBXResourcesBuildPhase;
			buildActionMask = 2147483647;
			files = (
			);
			runOnlyForDeploymentPostprocessing = 0;
		};
		D5A0F15A20ADA2310005CA70 /* Resources */ = {
			isa = PBXResourcesBuildPhase;
			buildActionMask = 2147483647;
			files = (
			);
			runOnlyForDeploymentPostprocessing = 0;
		};
/* End PBXResourcesBuildPhase section */

/* Begin PBXSourcesBuildPhase section */
		D5A0F13920ADA2300005CA70 /* Sources */ = {
			isa = PBXSourcesBuildPhase;
			buildActionMask = 2147483647;
			files = (
				D5A0F14320ADA2300005CA70 /* ViewController.swift in Sources */,
				D5A0F16F20ADD0D40005CA70 /* SwipingController.swift in Sources */,
				D5A0F17120ADDC470005CA70 /* PageCell.swift in Sources */,
				D5A0F14120ADA2300005CA70 /* AppDelegate.swift in Sources */,
			);
			runOnlyForDeploymentPostprocessing = 0;
		};
		D5A0F14D20ADA2310005CA70 /* Sources */ = {
			isa = PBXSourcesBuildPhase;
			buildActionMask = 2147483647;
			files = (
				D5A0F15620ADA2310005CA70 /* SlideViewTests.swift in Sources */,
			);
			runOnlyForDeploymentPostprocessing = 0;
		};
		D5A0F15820ADA2310005CA70 /* Sources */ = {
			isa = PBXSourcesBuildPhase;
			buildActionMask = 2147483647;
			files = (
				D5A0F16120ADA2310005CA70 /* SlideViewUITests.swift in Sources */,
			);
			runOnlyForDeploymentPostprocessing = 0;
		};
/* End PBXSourcesBuildPhase section */

/* Begin PBXTargetDependency section */
		D5A0F15320ADA2310005CA70 /* PBXTargetDependency */ = {
			isa = PBXTargetDependency;
			target = D5A0F13C20ADA2300005CA70 /* SlideView */;
			targetProxy = D5A0F15220ADA2310005CA70 /* PBXContainerItemProxy */;
		};
		D5A0F15E20ADA2310005CA70 /* PBXTargetDependency */ = {
			isa = PBXTargetDependency;
			target = D5A0F13C20ADA2300005CA70 /* SlideView */;
			targetProxy = D5A0F15D20ADA2310005CA70 /* PBXContainerItemProxy */;
		};
/* End PBXTargetDependency section */

/* Begin PBXVariantGroup section */
		D5A0F14420ADA2300005CA70 /* Main.storyboard */ = {
			isa = PBXVariantGroup;
			children = (
				D5A0F14520ADA2300005CA70 /* Base */,
			);
			name = Main.storyboard;
			sourceTree = "<group>";
		};
		D5A0F14920ADA2310005CA70 /* LaunchScreen.storyboard */ = {
			isa = PBXVariantGroup;
			children = (
				D5A0F14A20ADA2310005CA70 /* Base */,
			);
			name = LaunchScreen.storyboard;
			sourceTree = "<group>";
		};
/* End PBXVariantGroup section */

/* Begin XCBuildConfiguration section */
		D5A0F16320ADA2310005CA70 /* Debug */ = {
			isa = XCBuildConfiguration;
			buildSettings = {
				ALWAYS_SEARCH_USER_PATHS = NO;
				CLANG_ANALYZER_NONNULL = YES;
				CLANG_ANALYZER_NUMBER_OBJECT_CONVERSION = YES_AGGRESSIVE;
				CLANG_CXX_LANGUAGE_STANDARD = "gnu++14";
				CLANG_CXX_LIBRARY = "libc++";
				CLANG_ENABLE_MODULES = YES;
				CLANG_ENABLE_OBJC_ARC = YES;
				CLANG_ENABLE_OBJC_WEAK = YES;
				CLANG_WARN_BLOCK_CAPTURE_AUTORELEASING = YES;
				CLANG_WARN_BOOL_CONVERSION = YES;
				CLANG_WARN_COMMA = YES;
				CLANG_WARN_CONSTANT_CONVERSION = YES;
				CLANG_WARN_DEPRECATED_OBJC_IMPLEMENTATIONS = YES;
				CLANG_WARN_DIRECT_OBJC_ISA_USAGE = YES_ERROR;
				CLANG_WARN_DOCUMENTATION_COMMENTS = YES;
				CLANG_WARN_EMPTY_BODY = YES;
				CLANG_WARN_ENUM_CONVERSION = YES;
				CLANG_WARN_INFINITE_RECURSION = YES;
				CLANG_WARN_INT_CONVERSION = YES;
				CLANG_WARN_NON_LITERAL_NULL_CONVERSION = YES;
				CLANG_WARN_OBJC_IMPLICIT_RETAIN_SELF = YES;
				CLANG_WARN_OBJC_LITERAL_CONVERSION = YES;
				CLANG_WARN_OBJC_ROOT_CLASS = YES_ERROR;
				CLANG_WARN_RANGE_LOOP_ANALYSIS = YES;
				CLANG_WARN_STRICT_PROTOTYPES = YES;
				CLANG_WARN_SUSPICIOUS_MOVE = YES;
				CLANG_WARN_UNGUARDED_AVAILABILITY = YES_AGGRESSIVE;
				CLANG_WARN_UNREACHABLE_CODE = YES;
				CLANG_WARN__DUPLICATE_METHOD_MATCH = YES;
				CODE_SIGN_IDENTITY = "iPhone Developer";
				COPY_PHASE_STRIP = NO;
				DEBUG_INFORMATION_FORMAT = dwarf;
				ENABLE_STRICT_OBJC_MSGSEND = YES;
				ENABLE_TESTABILITY = YES;
				GCC_C_LANGUAGE_STANDARD = gnu11;
				GCC_DYNAMIC_NO_PIC = NO;
				GCC_NO_COMMON_BLOCKS = YES;
				GCC_OPTIMIZATION_LEVEL = 0;
				GCC_PREPROCESSOR_DEFINITIONS = (
					"DEBUG=1",
					"$(inherited)",
				);
				GCC_WARN_64_TO_32_BIT_CONVERSION = YES;
				GCC_WARN_ABOUT_RETURN_TYPE = YES_ERROR;
				GCC_WARN_UNDECLARED_SELECTOR = YES;
				GCC_WARN_UNINITIALIZED_AUTOS = YES_AGGRESSIVE;
				GCC_WARN_UNUSED_FUNCTION = YES;
				GCC_WARN_UNUSED_VARIABLE = YES;
				IPHONEOS_DEPLOYMENT_TARGET = 11.3;
				MTL_ENABLE_DEBUG_INFO = YES;
				ONLY_ACTIVE_ARCH = YES;
				SDKROOT = iphoneos;
				SWIFT_ACTIVE_COMPILATION_CONDITIONS = DEBUG;
				SWIFT_OPTIMIZATION_LEVEL = "-Onone";
			};
			name = Debug;
		};
		D5A0F16420ADA2310005CA70 /* Release */ = {
			isa = XCBuildConfiguration;
			buildSettings = {
				ALWAYS_SEARCH_USER_PATHS = NO;
				CLANG_ANALYZER_NONNULL = YES;
				CLANG_ANALYZER_NUMBER_OBJECT_CONVERSION = YES_AGGRESSIVE;
				CLANG_CXX_LANGUAGE_STANDARD = "gnu++14";
				CLANG_CXX_LIBRARY = "libc++";
				CLANG_ENABLE_MODULES = YES;
				CLANG_ENABLE_OBJC_ARC = YES;
				CLANG_ENABLE_OBJC_WEAK = YES;
				CLANG_WARN_BLOCK_CAPTURE_AUTORELEASING = YES;
				CLANG_WARN_BOOL_CONVERSION = YES;
				CLANG_WARN_COMMA = YES;
				CLANG_WARN_CONSTANT_CONVERSION = YES;
				CLANG_WARN_DEPRECATED_OBJC_IMPLEMENTATIONS = YES;
				CLANG_WARN_DIRECT_OBJC_ISA_USAGE = YES_ERROR;
				CLANG_WARN_DOCUMENTATION_COMMENTS = YES;
				CLANG_WARN_EMPTY_BODY = YES;
				CLANG_WARN_ENUM_CONVERSION = YES;
				CLANG_WARN_INFINITE_RECURSION = YES;
				CLANG_WARN_INT_CONVERSION = YES;
				CLANG_WARN_NON_LITERAL_NULL_CONVERSION = YES;
				CLANG_WARN_OBJC_IMPLICIT_RETAIN_SELF = YES;
				CLANG_WARN_OBJC_LITERAL_CONVERSION = YES;
				CLANG_WARN_OBJC_ROOT_CLASS = YES_ERROR;
				CLANG_WARN_RANGE_LOOP_ANALYSIS = YES;
				CLANG_WARN_STRICT_PROTOTYPES = YES;
				CLANG_WARN_SUSPICIOUS_MOVE = YES;
				CLANG_WARN_UNGUARDED_AVAILABILITY = YES_AGGRESSIVE;
				CLANG_WARN_UNREACHABLE_CODE = YES;
				CLANG_WARN__DUPLICATE_METHOD_MATCH = YES;
				CODE_SIGN_IDENTITY = "iPhone Developer";
				COPY_PHASE_STRIP = NO;
				DEBUG_INFORMATION_FORMAT = "dwarf-with-dsym";
				ENABLE_NS_ASSERTIONS = NO;
				ENABLE_STRICT_OBJC_MSGSEND = YES;
				GCC_C_LANGUAGE_STANDARD = gnu11;
				GCC_NO_COMMON_BLOCKS = YES;
				GCC_WARN_64_TO_32_BIT_CONVERSION = YES;
				GCC_WARN_ABOUT_RETURN_TYPE = YES_ERROR;
				GCC_WARN_UNDECLARED_SELECTOR = YES;
				GCC_WARN_UNINITIALIZED_AUTOS = YES_AGGRESSIVE;
				GCC_WARN_UNUSED_FUNCTION = YES;
				GCC_WARN_UNUSED_VARIABLE = YES;
				IPHONEOS_DEPLOYMENT_TARGET = 11.3;
				MTL_ENABLE_DEBUG_INFO = NO;
				SDKROOT = iphoneos;
				SWIFT_COMPILATION_MODE = wholemodule;
				SWIFT_OPTIMIZATION_LEVEL = "-O";
				VALIDATE_PRODUCT = YES;
			};
			name = Release;
		};
		D5A0F16620ADA2310005CA70 /* Debug */ = {
			isa = XCBuildConfiguration;
			buildSettings = {
				ASSETCATALOG_COMPILER_APPICON_NAME = AppIcon;
				CODE_SIGN_STYLE = Automatic;
				INFOPLIST_FILE = SlideView/Info.plist;
				LD_RUNPATH_SEARCH_PATHS = (
					"$(inherited)",
					"@executable_path/Frameworks",
				);
				PRODUCT_BUNDLE_IDENTIFIER = "com.iBravo-.SlideView";
				PRODUCT_NAME = "$(TARGET_NAME)";
				SWIFT_VERSION = 4.0;
				TARGETED_DEVICE_FAMILY = "1,2";
			};
			name = Debug;
		};
		D5A0F16720ADA2310005CA70 /* Release */ = {
			isa = XCBuildConfiguration;
			buildSettings = {
				ASSETCATALOG_COMPILER_APPICON_NAME = AppIcon;
				CODE_SIGN_STYLE = Automatic;
				INFOPLIST_FILE = SlideView/Info.plist;
				LD_RUNPATH_SEARCH_PATHS = (
					"$(inherited)",
					"@executable_path/Frameworks",
				);
				PRODUCT_BUNDLE_IDENTIFIER = "com.iBravo-.SlideView";
				PRODUCT_NAME = "$(TARGET_NAME)";
				SWIFT_VERSION = 4.0;
				TARGETED_DEVICE_FAMILY = "1,2";
			};
			name = Release;
		};
		D5A0F16920ADA2310005CA70 /* Debug */ = {
			isa = XCBuildConfiguration;
			buildSettings = {
				ALWAYS_EMBED_SWIFT_STANDARD_LIBRARIES = YES;
				BUNDLE_LOADER = "$(TEST_HOST)";
				CODE_SIGN_STYLE = Automatic;
				INFOPLIST_FILE = SlideViewTests/Info.plist;
				LD_RUNPATH_SEARCH_PATHS = (
					"$(inherited)",
					"@executable_path/Frameworks",
					"@loader_path/Frameworks",
				);
				PRODUCT_BUNDLE_IDENTIFIER = "com.iBravo-.SlideViewTests";
				PRODUCT_NAME = "$(TARGET_NAME)";
				SWIFT_VERSION = 4.0;
				TARGETED_DEVICE_FAMILY = "1,2";
				TEST_HOST = "$(BUILT_PRODUCTS_DIR)/SlideView.app/SlideView";
			};
			name = Debug;
		};
		D5A0F16A20ADA2310005CA70 /* Release */ = {
			isa = XCBuildConfiguration;
			buildSettings = {
				ALWAYS_EMBED_SWIFT_STANDARD_LIBRARIES = YES;
				BUNDLE_LOADER = "$(TEST_HOST)";
				CODE_SIGN_STYLE = Automatic;
				INFOPLIST_FILE = SlideViewTests/Info.plist;
				LD_RUNPATH_SEARCH_PATHS = (
					"$(inherited)",
					"@executable_path/Frameworks",
					"@loader_path/Frameworks",
				);
				PRODUCT_BUNDLE_IDENTIFIER = "com.iBravo-.SlideViewTests";
				PRODUCT_NAME = "$(TARGET_NAME)";
				SWIFT_VERSION = 4.0;
				TARGETED_DEVICE_FAMILY = "1,2";
				TEST_HOST = "$(BUILT_PRODUCTS_DIR)/SlideView.app/SlideView";
			};
			name = Release;
		};
		D5A0F16C20ADA2310005CA70 /* Debug */ = {
			isa = XCBuildConfiguration;
			buildSettings = {
				ALWAYS_EMBED_SWIFT_STANDARD_LIBRARIES = YES;
				CODE_SIGN_STYLE = Automatic;
				INFOPLIST_FILE = SlideViewUITests/Info.plist;
				LD_RUNPATH_SEARCH_PATHS = (
					"$(inherited)",
					"@executable_path/Frameworks",
					"@loader_path/Frameworks",
				);
				PRODUCT_BUNDLE_IDENTIFIER = "com.iBravo-.SlideViewUITests";
				PRODUCT_NAME = "$(TARGET_NAME)";
				SWIFT_VERSION = 4.0;
				TARGETED_DEVICE_FAMILY = "1,2";
				TEST_TARGET_NAME = SlideView;
			};
			name = Debug;
		};
		D5A0F16D20ADA2310005CA70 /* Release */ = {
			isa = XCBuildConfiguration;
			buildSettings = {
				ALWAYS_EMBED_SWIFT_STANDARD_LIBRARIES = YES;
				CODE_SIGN_STYLE = Automatic;
				INFOPLIST_FILE = SlideViewUITests/Info.plist;
				LD_RUNPATH_SEARCH_PATHS = (
					"$(inherited)",
					"@executable_path/Frameworks",
					"@loader_path/Frameworks",
				);
				PRODUCT_BUNDLE_IDENTIFIER = "com.iBravo-.SlideViewUITests";
				PRODUCT_NAME = "$(TARGET_NAME)";
				SWIFT_VERSION = 4.0;
				TARGETED_DEVICE_FAMILY = "1,2";
				TEST_TARGET_NAME = SlideView;
			};
			name = Release;
		};
/* End XCBuildConfiguration section */

/* Begin XCConfigurationList section */
		D5A0F13820ADA2300005CA70 /* Build configuration list for PBXProject "SlideView" */ = {
			isa = XCConfigurationList;
			buildConfigurations = (
				D5A0F16320ADA2310005CA70 /* Debug */,
				D5A0F16420ADA2310005CA70 /* Release */,
			);
			defaultConfigurationIsVisible = 0;
			defaultConfigurationName = Release;
		};
		D5A0F16520ADA2310005CA70 /* Build configuration list for PBXNativeTarget "SlideView" */ = {
			isa = XCConfigurationList;
			buildConfigurations = (
				D5A0F16620ADA2310005CA70 /* Debug */,
				D5A0F16720ADA2310005CA70 /* Release */,
			);
			defaultConfigurationIsVisible = 0;
			defaultConfigurationName = Release;
		};
		D5A0F16820ADA2310005CA70 /* Build configuration list for PBXNativeTarget "SlideViewTests" */ = {
			isa = XCConfigurationList;
			buildConfigurations = (
				D5A0F16920ADA2310005CA70 /* Debug */,
				D5A0F16A20ADA2310005CA70 /* Release */,
			);
			defaultConfigurationIsVisible = 0;
			defaultConfigurationName = Release;
		};
		D5A0F16B20ADA2310005CA70 /* Build configuration list for PBXNativeTarget "SlideViewUITests" */ = {
			isa = XCConfigurationList;
			buildConfigurations = (
				D5A0F16C20ADA2310005CA70 /* Debug */,
				D5A0F16D20ADA2310005CA70 /* Release */,
			);
			defaultConfigurationIsVisible = 0;
			defaultConfigurationName = Release;
		};
/* End XCConfigurationList section */
	};
	rootObject = D5A0F13520ADA2300005CA70 /* Project object */;
}
